// !$*UTF8*$!
{
	archiveVersion = 1;
	classes = {
	};
	objectVersion = 46;
	objects = {

/* Begin PBXBuildFile section */
		29A30D4F1EF76AC4003FDAA2 /* main.swift in Sources */ = {isa = PBXBuildFile; fileRef = 29A30D4E1EF76AC4003FDAA2 /* main.swift */; };
		29A30D561EF76AD9003FDAA2 /* RongAPI.swift in Sources */ = {isa = PBXBuildFile; fileRef = 29A30D551EF76AD9003FDAA2 /* RongAPI.swift */; };
		29A30D581EF76E11003FDAA2 /* TestAPI.swift in Sources */ = {isa = PBXBuildFile; fileRef = 29A30D571EF76E11003FDAA2 /* TestAPI.swift */; };
/* End PBXBuildFile section */

/* Begin PBXCopyFilesBuildPhase section */
		29A30D491EF76AC4003FDAA2 /* CopyFiles */ = {
			isa = PBXCopyFilesBuildPhase;
			buildActionMask = 2147483647;
			dstPath = /usr/share/man/man1/;
			dstSubfolderSpec = 0;
			files = (
			);
			runOnlyForDeploymentPostprocessing = 1;
		};
/* End PBXCopyFilesBuildPhase section */

/* Begin PBXFileReference section */
		29A30D4B1EF76AC4003FDAA2 /* RongS11 */ = {isa = PBXFileReference; explicitFileType = "compiled.mach-o.executable"; includeInIndex = 0; path = RongS11; sourceTree = BUILT_PRODUCTS_DIR; };
		29A30D4E1EF76AC4003FDAA2 /* main.swift */ = {isa = PBXFileReference; lastKnownFileType = sourcecode.swift; path = main.swift; sourceTree = "<group>"; };
		29A30D551EF76AD9003FDAA2 /* RongAPI.swift */ = {isa = PBXFileReference; fileEncoding = 4; lastKnownFileType = sourcecode.swift; path = RongAPI.swift; sourceTree = "<group>"; };
		29A30D571EF76E11003FDAA2 /* TestAPI.swift */ = {isa = PBXFileReference; fileEncoding = 4; lastKnownFileType = sourcecode.swift; path = TestAPI.swift; sourceTree = "<group>"; };
/* End PBXFileReference section */

/* Begin PBXFrameworksBuildPhase section */
		29A30D481EF76AC4003FDAA2 /* Frameworks */ = {
			isa = PBXFrameworksBuildPhase;
			buildActionMask = 2147483647;
			files = (
			);
			runOnlyForDeploymentPostprocessing = 0;
		};
/* End PBXFrameworksBuildPhase section */

/* Begin PBXGroup section */
		29A30D421EF76AC4003FDAA2 = {
			isa = PBXGroup;
			children = (
				29A30D4D1EF76AC4003FDAA2 /* RongS11 */,
				29A30D4C1EF76AC4003FDAA2 /* Products */,
			);
			sourceTree = "<group>";
		};
		29A30D4C1EF76AC4003FDAA2 /* Products */ = {
			isa = PBXGroup;
			children = (
				29A30D4B1EF76AC4003FDAA2 /* RongS11 */,
			);
			name = Products;
			sourceTree = "<group>";
		};
		29A30D4D1EF76AC4003FDAA2 /* RongS11 */ = {
			isa = PBXGroup;
			children = (
				29A30D4E1EF76AC4003FDAA2 /* main.swift */,
				29A30D571EF76E11003FDAA2 /* TestAPI.swift */,
				29A30D551EF76AD9003FDAA2 /* RongAPI.swift */,
			);
			path = RongS11;
			sourceTree = "<group>";
		};
/* End PBXGroup section */

/* Begin PBXNativeTarget section */
		29A30D4A1EF76AC4003FDAA2 /* RongS11 */ = {
			isa = PBXNativeTarget;
			buildConfigurationList = 29A30D521EF76AC4003FDAA2 /* Build configuration list for PBXNativeTarget "RongS11" */;
			buildPhases = (
				29A30D471EF76AC4003FDAA2 /* Sources */,
				29A30D481EF76AC4003FDAA2 /* Frameworks */,
				29A30D491EF76AC4003FDAA2 /* CopyFiles */,
			);
			buildRules = (
			);
			dependencies = (
			);
			name = RongS11;
			productName = RongS11;
			productReference = 29A30D4B1EF76AC4003FDAA2 /* RongS11 */;
			productType = "com.apple.product-type.tool";
		};
/* End PBXNativeTarget section */

/* Begin PBXProject section */
		29A30D431EF76AC4003FDAA2 /* Project object */ = {
			isa = PBXProject;
			attributes = {
				LastSwiftUpdateCheck = 0830;
				LastUpgradeCheck = 0830;
				ORGANIZATIONNAME = iii;
				TargetAttributes = {
					29A30D4A1EF76AC4003FDAA2 = {
						CreatedOnToolsVersion = 8.3.3;
						DevelopmentTeam = SHM7BV492J;
						ProvisioningStyle = Automatic;
					};
				};
			};
			buildConfigurationList = 29A30D461EF76AC4003FDAA2 /* Build configuration list for PBXProject "RongS11" */;
			compatibilityVersion = "Xcode 3.2";
			developmentRegion = English;
			hasScannedForEncodings = 0;
			knownRegions = (
				en,
			);
			mainGroup = 29A30D421EF76AC4003FDAA2;
			productRefGroup = 29A30D4C1EF76AC4003FDAA2 /* Products */;
			projectDirPath = "";
			projectRoot = "";
			targets = (
				29A30D4A1EF76AC4003FDAA2 /* RongS11 */,
			);
		};
/* End PBXProject section */

/* Begin PBXSourcesBuildPhase section */
		29A30D471EF76AC4003FDAA2 /* Sources */ = {
			isa = PBXSourcesBuildPhase;
			buildActionMask = 2147483647;
			files = (
				29A30D581EF76E11003FDAA2 /* TestAPI.swift in Sources */,
				29A30D561EF76AD9003FDAA2 /* RongAPI.swift in Sources */,
				29A30D4F1EF76AC4003FDAA2 /* main.swift in Sources */,
			);
			runOnlyForDeploymentPostprocessing = 0;
		};
/* End PBXSourcesBuildPhase section */

/* Begin XCBuildConfiguration section */
		29A30D501EF76AC4003FDAA2 /* Debug */ = {
			isa = XCBuildConfiguration;
			buildSettings = {
				ALWAYS_SEARCH_USER_PATHS = NO;
				CLANG_ANALYZER_NONNULL = YES;
				CLANG_ANALYZER_NUMBER_OBJECT_CONVERSION = YES_AGGRESSIVE;
				CLANG_CXX_LANGUAGE_STANDARD = "gnu++0x";
				CLANG_CXX_LIBRARY = "libc++";
				CLANG_ENABLE_MODULES = YES;
				CLANG_ENABLE_OBJC_ARC = YES;
				CLANG_WARN_BOOL_CONVERSION = YES;
				CLANG_WARN_CONSTANT_CONVERSION = YES;
				CLANG_WARN_DIRECT_OBJC_ISA_USAGE = YES_ERROR;
				CLANG_WARN_DOCUMENTATION_COMMENTS = YES;
				CLANG_WARN_EMPTY_BODY = YES;
				CLANG_WARN_ENUM_CONVERSION = YES;
				CLANG_WARN_INFINITE_RECURSION = YES;
				CLANG_WARN_INT_CONVERSION = YES;
				CLANG_WARN_OBJC_ROOT_CLASS = YES_ERROR;
				CLANG_WARN_SUSPICIOUS_MOVE = YES;
				CLANG_WARN_UNREACHABLE_CODE = YES;
				CLANG_WARN__DUPLICATE_METHOD_MATCH = YES;
				CODE_SIGN_IDENTITY = "-";
				COPY_PHASE_STRIP = NO;
				DEBUG_INFORMATION_FORMAT = dwarf;
				ENABLE_STRICT_OBJC_MSGSEND = YES;
				ENABLE_TESTABILITY = YES;
				GCC_C_LANGUAGE_STANDARD = gnu99;
				GCC_DYNAMIC_NO_PIC = NO;
				GCC_NO_COMMON_BLOCKS = YES;
				GCC_OPTIMIZATION_LEVEL = 0;
				GCC_PREPROCESSOR_DEFINITIONS = (
					"DEBUG=1",
					"$(inherited)",
				);
				GCC_WARN_64_TO_32_BIT_CONVERSION = YES;
				GCC_WARN_ABOUT_RETURN_TYPE = YES_ERROR;
				GCC_WARN_UNDECLARED_SELECTOR = YES;
				GCC_WARN_UNINITIALIZED_AUTOS = YES_AGGRESSIVE;
				GCC_WARN_UNUSED_FUNCTION = YES;
				GCC_WARN_UNUSED_VARIABLE = YES;
				MACOSX_DEPLOYMENT_TARGET = 10.12;
				MTL_ENABLE_DEBUG_INFO = YES;
				ONLY_ACTIVE_ARCH = YES;
				SDKROOT = macosx;
				SWIFT_OPTIMIZATION_LEVEL = "-Onone";
			};
			name = Debug;
		};
		29A30D511EF76AC4003FDAA2 /* Release */ = {
			isa = XCBuildConfiguration;
			buildSettings = {
				ALWAYS_SEARCH_USER_PATHS = NO;
				CLANG_ANALYZER_NONNULL = YES;
				CLANG_ANALYZER_NUMBER_OBJECT_CONVERSION = YES_AGGRESSIVE;
				CLANG_CXX_LANGUAGE_STANDARD = "gnu++0x";
				CLANG_CXX_LIBRARY = "libc++";
				CLANG_ENABLE_MODULES = YES;
				CLANG_ENABLE_OBJC_ARC = YES;
				CLANG_WARN_BOOL_CONVERSION = YES;
				CLANG_WARN_CONSTANT_CONVERSION = YES;
				CLANG_WARN_DIRECT_OBJC_ISA_USAGE = YES_ERROR;
				CLANG_WARN_DOCUMENTATION_COMMENTS = YES;
				CLANG_WARN_EMPTY_BODY = YES;
				CLANG_WARN_ENUM_CONVERSION = YES;
				CLANG_WARN_INFINITE_RECURSION = YES;
				CLANG_WARN_INT_CONVERSION = YES;
				CLANG_WARN_OBJC_ROOT_CLASS = YES_ERROR;
				CLANG_WARN_SUSPICIOUS_MOVE = YES;
				CLANG_WARN_UNREACHABLE_CODE = YES;
				CLANG_WARN__DUPLICATE_METHOD_MATCH = YES;
				CODE_SIGN_IDENTITY = "-";
				COPY_PHASE_STRIP = NO;
				DEBUG_INFORMATION_FORMAT = "dwarf-with-dsym";
				ENABLE_NS_ASSERTIONS = NO;
				ENABLE_STRICT_OBJC_MSGSEND = YES;
				GCC_C_LANGUAGE_STANDARD = gnu99;
				GCC_NO_COMMON_BLOCKS = YES;
				GCC_WARN_64_TO_32_BIT_CONVERSION = YES;
				GCC_WARN_ABOUT_RETURN_TYPE = YES_ERROR;
				GCC_WARN_UNDECLARED_SELECTOR = YES;
				GCC_WARN_UNINITIALIZED_AUTOS = YES_AGGRESSIVE;
				GCC_WARN_UNUSED_FUNCTION = YES;
				GCC_WARN_UNUSED_VARIABLE = YES;
				MACOSX_DEPLOYMENT_TARGET = 10.12;
				MTL_ENABLE_DEBUG_INFO = NO;
				SDKROOT = macosx;
			};
			name = Release;
		};
		29A30D531EF76AC4003FDAA2 /* Debug */ = {
			isa = XCBuildConfiguration;
			buildSettings = {
				DEVELOPMENT_TEAM = SHM7BV492J;
				PRODUCT_NAME = "$(TARGET_NAME)";
				SWIFT_VERSION = 3.0;
			};
			name = Debug;
		};
		29A30D541EF76AC4003FDAA2 /* Release */ = {
			isa = XCBuildConfiguration;
			buildSettings = {
				DEVELOPMENT_TEAM = SHM7BV492J;
				PRODUCT_NAME = "$(TARGET_NAME)";
				SWIFT_VERSION = 3.0;
			};
			name = Release;
		};
/* End XCBuildConfiguration section */

/* Begin XCConfigurationList section */
		29A30D461EF76AC4003FDAA2 /* Build configuration list for PBXProject "RongS11" */ = {
			isa = XCConfigurationList;
			buildConfigurations = (
				29A30D501EF76AC4003FDAA2 /* Debug */,
				29A30D511EF76AC4003FDAA2 /* Release */,
			);
			defaultConfigurationIsVisible = 0;
			defaultConfigurationName = Release;
		};
		29A30D521EF76AC4003FDAA2 /* Build configuration list for PBXNativeTarget "RongS11" */ = {
			isa = XCConfigurationList;
			buildConfigurations = (
				29A30D531EF76AC4003FDAA2 /* Debug */,
				29A30D541EF76AC4003FDAA2 /* Release */,
			);
			defaultConfigurationIsVisible = 0;
		};
/* End XCConfigurationList section */
	};
	rootObject = 29A30D431EF76AC4003FDAA2 /* Project object */;
}
